
Microsoft Visual Studio Solution File, Format Version 12.00
# Visual Studio Version 17
VisualStudioVersion = 17.7.34221.43
MinimumVisualStudioVersion = 10.0.40219.1
Project("{FAE04EC0-301F-11D3-BF4B-00C04F79EFBC}") = "ConAppAssignment11-13th(nov)", "ConAppAssignment11-13th(nov)\ConAppAssignment11-13th(nov).csproj", "{9184061A-A46E-4BF3-8B6E-0D61004263E7}"
EndProject
Global
	GlobalSection(SolutionConfigurationPlatforms) = preSolution
		Debug|Any CPU = Debug|Any CPU
		Release|Any CPU = Release|Any CPU
	EndGlobalSection
	GlobalSection(ProjectConfigurationPlatforms) = postSolution
		{9184061A-A46E-4BF3-8B6E-0D61004263E7}.Debug|Any CPU.ActiveCfg = Debug|Any CPU
		{9184061A-A46E-4BF3-8B6E-0D61004263E7}.Debug|Any CPU.Build.0 = Debug|Any CPU
		{9184061A-A46E-4BF3-8B6E-0D61004263E7}.Release|Any CPU.ActiveCfg = Release|Any CPU
		{9184061A-A46E-4BF3-8B6E-0D61004263E7}.Release|Any CPU.Build.0 = Release|Any CPU
	EndGlobalSection
	GlobalSection(SolutionProperties) = preSolution
		HideSolutionNode = FALSE
	EndGlobalSection
	GlobalSection(ExtensibilityGlobals) = postSolution
		SolutionGuid = {1C33F5AF-B834-4210-B7D3-DF38CB9A1EA2}
	EndGlobalSection
EndGlobal
