
Microsoft Visual Studio Solution File, Format Version 12.00
# Visual Studio Version 17
VisualStudioVersion = 17.7.34221.43
MinimumVisualStudioVersion = 10.0.40219.1
Project("{FAE04EC0-301F-11D3-BF4B-00C04F79EFBC}") = "ConAppMethodsParameters", "ConAppMethodsParameters\ConAppMethodsParameters.csproj", "{81928AB7-6A4C-41BD-AC98-6DF21E55595B}"
EndProject
Global
	GlobalSection(SolutionConfigurationPlatforms) = preSolution
		Debug|Any CPU = Debug|Any CPU
		Release|Any CPU = Release|Any CPU
	EndGlobalSection
	GlobalSection(ProjectConfigurationPlatforms) = postSolution
		{81928AB7-6A4C-41BD-AC98-6DF21E55595B}.Debug|Any CPU.ActiveCfg = Debug|Any CPU
		{81928AB7-6A4C-41BD-AC98-6DF21E55595B}.Debug|Any CPU.Build.0 = Debug|Any CPU
		{81928AB7-6A4C-41BD-AC98-6DF21E55595B}.Release|Any CPU.ActiveCfg = Release|Any CPU
		{81928AB7-6A4C-41BD-AC98-6DF21E55595B}.Release|Any CPU.Build.0 = Release|Any CPU
	EndGlobalSection
	GlobalSection(SolutionProperties) = preSolution
		HideSolutionNode = FALSE
	EndGlobalSection
	GlobalSection(ExtensibilityGlobals) = postSolution
		SolutionGuid = {D5A77A5F-C0EF-4CA5-A51A-F9092012A711}
	EndGlobalSection
EndGlobal
